
Microsoft Visual Studio Solution File, Format Version 12.00
# Visual Studio Version 16
VisualStudioVersion = 16.0.29009.5
MinimumVisualStudioVersion = 10.0.40219.1
Project("{FAE04EC0-301F-11D3-BF4B-00C04F79EFBC}") = "Library", "Library\Library.csproj", "{CA48849D-DD48-436A-83D9-6A70E99B9063}"
EndProject
Project("{FAE04EC0-301F-11D3-BF4B-00C04F79EFBC}") = "WindowsFormsApp", "WindowsFormsApp\WindowsFormsApp.csproj", "{D56A7C41-955C-4FAA-9E8B-CF9D33C517B8}"
EndProject
Project("{FAE04EC0-301F-11D3-BF4B-00C04F79EFBC}") = "ConsoleServ", "ConsoleServ\ConsoleServ.csproj", "{C52CFB92-8FC5-4D00-9081-5FB28E24F5EC}"
EndProject
Global
	GlobalSection(SolutionConfigurationPlatforms) = preSolution
		Debug|Any CPU = Debug|Any CPU
		Release|Any CPU = Release|Any CPU
	EndGlobalSection
	GlobalSection(ProjectConfigurationPlatforms) = postSolution
		{CA48849D-DD48-436A-83D9-6A70E99B9063}.Debug|Any CPU.ActiveCfg = Debug|Any CPU
		{CA48849D-DD48-436A-83D9-6A70E99B9063}.Debug|Any CPU.Build.0 = Debug|Any CPU
		{CA48849D-DD48-436A-83D9-6A70E99B9063}.Release|Any CPU.ActiveCfg = Release|Any CPU
		{CA48849D-DD48-436A-83D9-6A70E99B9063}.Release|Any CPU.Build.0 = Release|Any CPU
		{D56A7C41-955C-4FAA-9E8B-CF9D33C517B8}.Debug|Any CPU.ActiveCfg = Debug|Any CPU
		{D56A7C41-955C-4FAA-9E8B-CF9D33C517B8}.Debug|Any CPU.Build.0 = Debug|Any CPU
		{D56A7C41-955C-4FAA-9E8B-CF9D33C517B8}.Release|Any CPU.ActiveCfg = Release|Any CPU
		{D56A7C41-955C-4FAA-9E8B-CF9D33C517B8}.Release|Any CPU.Build.0 = Release|Any CPU
		{C52CFB92-8FC5-4D00-9081-5FB28E24F5EC}.Debug|Any CPU.ActiveCfg = Debug|Any CPU
		{C52CFB92-8FC5-4D00-9081-5FB28E24F5EC}.Debug|Any CPU.Build.0 = Debug|Any CPU
		{C52CFB92-8FC5-4D00-9081-5FB28E24F5EC}.Release|Any CPU.ActiveCfg = Release|Any CPU
		{C52CFB92-8FC5-4D00-9081-5FB28E24F5EC}.Release|Any CPU.Build.0 = Release|Any CPU
	EndGlobalSection
	GlobalSection(SolutionProperties) = preSolution
		HideSolutionNode = FALSE
	EndGlobalSection
	GlobalSection(ExtensibilityGlobals) = postSolution
		SolutionGuid = {66ED74EA-6EC3-4AEB-B17F-D1CCDA02709B}
	EndGlobalSection
EndGlobal
